
Microsoft Visual Studio Solution File, Format Version 12.00
# Visual Studio Version 16
VisualStudioVersion = 16.0.30711.63
MinimumVisualStudioVersion = 10.0.40219.1
Project("{FAE04EC0-301F-11D3-BF4B-00C04F79EFBC}") = "ZunTzu", "ZunTzu\ZunTzu.csproj", "{D40954A5-D441-476C-B8E9-5A9BF39BC7A6}"
EndProject
Global
	GlobalSection(SolutionConfigurationPlatforms) = preSolution
		Debug|Any CPU = Debug|Any CPU
		Release|Any CPU = Release|Any CPU
	EndGlobalSection
	GlobalSection(ProjectConfigurationPlatforms) = postSolution
		{D40954A5-D441-476C-B8E9-5A9BF39BC7A6}.Debug|Any CPU.ActiveCfg = Debug|Any CPU
		{D40954A5-D441-476C-B8E9-5A9BF39BC7A6}.Debug|Any CPU.Build.0 = Debug|Any CPU
		{D40954A5-D441-476C-B8E9-5A9BF39BC7A6}.Release|Any CPU.ActiveCfg = Release|Any CPU
		{D40954A5-D441-476C-B8E9-5A9BF39BC7A6}.Release|Any CPU.Build.0 = Release|Any CPU
	EndGlobalSection
	GlobalSection(SolutionProperties) = preSolution
		HideSolutionNode = FALSE
	EndGlobalSection
	GlobalSection(ExtensibilityGlobals) = postSolution
		SolutionGuid = {03B1AE45-2A0B-41DC-9882-B5B5E07115E3}
	EndGlobalSection
EndGlobal
