
Microsoft Visual Studio Solution File, Format Version 9.00
# Visual Studio 2005
Project("{FAE04EC0-301F-11D3-BF4B-00C04F79EFBC}") = "ZunTzu", "ZunTzu\ZunTzu.csproj", "{D40954A5-D441-476C-B8E9-5A9BF39BC7A6}"
EndProject
Global
	GlobalSection(SourceCodeControl) = preSolution
		SccNumberOfProjects = 2
		SccLocalPath0 = .
		SccProjectUniqueName1 = ZunTzu\\ZunTzu.csproj
		SccLocalPath1 = .
		SccProjectFilePathRelativizedFromConnection1 = ZunTzu\\
	EndGlobalSection
	GlobalSection(SolutionConfigurationPlatforms) = preSolution
		Debug|Any CPU = Debug|Any CPU
		Release|Any CPU = Release|Any CPU
	EndGlobalSection
	GlobalSection(ProjectConfigurationPlatforms) = postSolution
		{D40954A5-D441-476C-B8E9-5A9BF39BC7A6}.Debug|Any CPU.ActiveCfg = Debug|Any CPU
		{D40954A5-D441-476C-B8E9-5A9BF39BC7A6}.Debug|Any CPU.Build.0 = Debug|Any CPU
		{D40954A5-D441-476C-B8E9-5A9BF39BC7A6}.Release|Any CPU.ActiveCfg = Release|Any CPU
		{D40954A5-D441-476C-B8E9-5A9BF39BC7A6}.Release|Any CPU.Build.0 = Release|Any CPU
	EndGlobalSection
	GlobalSection(SolutionProperties) = preSolution
		HideSolutionNode = FALSE
	EndGlobalSection
EndGlobal
