
Microsoft Visual Studio Solution File, Format Version 9.00
# Visual Studio 2005
Project("{8BC9CEB8-8B4A-11D0-8D11-00A0C91BC942}") = "ZunTzuLib", "ZunTzuLib\ZunTzuLib.vcproj", "{D154697A-4342-4638-AAAA-0BFE61004976}"
EndProject
Project("{8BC9CEB8-8B4A-11D0-8D11-00A0C91BC942}") = "Test", "Test\Test.vcproj", "{F82DCD3F-F74D-4C20-AB4D-F72592E1E466}"
EndProject
Project("{8BC9CEB8-8B4A-11D0-8D11-00A0C91BC942}") = "TestZunTzuLib", "TestZunTzuLib\TestZunTzuLib.vcproj", "{1B8A24B2-36FF-4B7B-B405-548BCBFAED7A}"
EndProject
Global
	GlobalSection(SourceCodeControl) = preSolution
		SccNumberOfProjects = 4
		SccLocalPath0 = .
		SccProjectUniqueName1 = ZunTzuLib\\ZunTzuLib.vcproj
		SccLocalPath1 = .
		SccProjectFilePathRelativizedFromConnection1 = ZunTzuLib\\
		SccProjectUniqueName2 = Test\\Test.vcproj
		SccLocalPath2 = .
		SccProjectFilePathRelativizedFromConnection2 = Test\\
		SccProjectUniqueName3 = TestZunTzuLib\\TestZunTzuLib.vcproj
		SccLocalPath3 = .
		SccProjectFilePathRelativizedFromConnection3 = TestZunTzuLib\\
	EndGlobalSection
	GlobalSection(SolutionConfigurationPlatforms) = preSolution
		Debug|Win32 = Debug|Win32
		Release_Designer|Win32 = Release_Designer|Win32
		Release_SSE2|Win32 = Release_SSE2|Win32
		Release|Win32 = Release|Win32
	EndGlobalSection
	GlobalSection(ProjectConfigurationPlatforms) = postSolution
		{D154697A-4342-4638-AAAA-0BFE61004976}.Debug|Win32.ActiveCfg = Debug|Win32
		{D154697A-4342-4638-AAAA-0BFE61004976}.Debug|Win32.Build.0 = Debug|Win32
		{D154697A-4342-4638-AAAA-0BFE61004976}.Release_Designer|Win32.ActiveCfg = Release_Designer|Win32
		{D154697A-4342-4638-AAAA-0BFE61004976}.Release_Designer|Win32.Build.0 = Release_Designer|Win32
		{D154697A-4342-4638-AAAA-0BFE61004976}.Release_SSE2|Win32.ActiveCfg = Release_SSE2|Win32
		{D154697A-4342-4638-AAAA-0BFE61004976}.Release_SSE2|Win32.Build.0 = Release_SSE2|Win32
		{D154697A-4342-4638-AAAA-0BFE61004976}.Release|Win32.ActiveCfg = Release|Win32
		{D154697A-4342-4638-AAAA-0BFE61004976}.Release|Win32.Build.0 = Release|Win32
		{F82DCD3F-F74D-4C20-AB4D-F72592E1E466}.Debug|Win32.ActiveCfg = Debug|Win32
		{F82DCD3F-F74D-4C20-AB4D-F72592E1E466}.Debug|Win32.Build.0 = Debug|Win32
		{F82DCD3F-F74D-4C20-AB4D-F72592E1E466}.Release_Designer|Win32.ActiveCfg = Release_Designer|Win32
		{F82DCD3F-F74D-4C20-AB4D-F72592E1E466}.Release_Designer|Win32.Build.0 = Release_Designer|Win32
		{F82DCD3F-F74D-4C20-AB4D-F72592E1E466}.Release_SSE2|Win32.ActiveCfg = Release|Win32
		{F82DCD3F-F74D-4C20-AB4D-F72592E1E466}.Release_SSE2|Win32.Build.0 = Release|Win32
		{F82DCD3F-F74D-4C20-AB4D-F72592E1E466}.Release|Win32.ActiveCfg = Release|Win32
		{F82DCD3F-F74D-4C20-AB4D-F72592E1E466}.Release|Win32.Build.0 = Release|Win32
		{1B8A24B2-36FF-4B7B-B405-548BCBFAED7A}.Debug|Win32.ActiveCfg = Debug|Win32
		{1B8A24B2-36FF-4B7B-B405-548BCBFAED7A}.Debug|Win32.Build.0 = Debug|Win32
		{1B8A24B2-36FF-4B7B-B405-548BCBFAED7A}.Release_Designer|Win32.ActiveCfg = Release_Designer|Win32
		{1B8A24B2-36FF-4B7B-B405-548BCBFAED7A}.Release_Designer|Win32.Build.0 = Release_Designer|Win32
		{1B8A24B2-36FF-4B7B-B405-548BCBFAED7A}.Release_SSE2|Win32.ActiveCfg = Release|Win32
		{1B8A24B2-36FF-4B7B-B405-548BCBFAED7A}.Release_SSE2|Win32.Build.0 = Release|Win32
		{1B8A24B2-36FF-4B7B-B405-548BCBFAED7A}.Release|Win32.ActiveCfg = Release|Win32
		{1B8A24B2-36FF-4B7B-B405-548BCBFAED7A}.Release|Win32.Build.0 = Release|Win32
	EndGlobalSection
	GlobalSection(SolutionProperties) = preSolution
		HideSolutionNode = FALSE
	EndGlobalSection
EndGlobal
