<?xml version="1.0" encoding="utf-8"?>
<Project ToolsVersion="4.0" xmlns="http://schemas.microsoft.com/developer/msbuild/2003">
  <ItemGroup>
    <Filter Include="Source Files">
      <UniqueIdentifier>{4FC737F1-C7A5-4376-A066-2A32D752A2FF}</UniqueIdentifier>
      <Extensions>cpp;c;cc;cxx;def;odl;idl;hpj;bat;asm;asmx</Extensions>
    </Filter>
    <Filter Include="Header Files">
      <UniqueIdentifier>{93995380-89BD-4b04-88EB-625FBE52EBFB}</UniqueIdentifier>
      <Extensions>h;hpp;hxx;hm;inl;inc;xsd</Extensions>
    </Filter>
    <Filter Include="Resource Files">
      <UniqueIdentifier>{67DA6AB6-F800-4c08-8B7A-83BB121AAD01}</UniqueIdentifier>
      <Extensions>rc;ico;cur;bmp;dlg;rc2;rct;bin;rgs;gif;jpg;jpeg;jpe;resx;tiff;tif;png;wav</Extensions>
    </Filter>
    <Filter Include="Jpg">
      <UniqueIdentifier>{240e2ee4-a34b-47ec-9ea9-fa0f75a64894}</UniqueIdentifier>
    </Filter>
  </ItemGroup>
  <ItemGroup>
    <ClCompile Include="cpu_count.cpp">
      <Filter>Source Files</Filter>
    </ClCompile>
    <ClCompile Include="dxt.cpp">
      <Filter>Source Files</Filter>
    </ClCompile>
    <ClCompile Include="dxt1_compressor.cpp">
      <Filter>Source Files</Filter>
    </ClCompile>
    <ClCompile Include="dxt5_compressor.cpp">
      <Filter>Source Files</Filter>
    </ClCompile>
    <ClCompile Include="dxt_float.cpp">
      <Filter>Source Files</Filter>
    </ClCompile>
    <ClCompile Include="dxt_simd.cpp">
      <Filter>Source Files</Filter>
    </ClCompile>
    <ClCompile Include="image_loader.cpp">
      <Filter>Source Files</Filter>
    </ClCompile>
    <ClCompile Include="jpeg_reader.cpp">
      <Filter>Source Files</Filter>
    </ClCompile>
    <ClCompile Include="jpeg_unzipper_src_mgr.cpp">
      <Filter>Source Files</Filter>
    </ClCompile>
    <ClCompile Include="masked_tile_layer.cpp">
      <Filter>Source Files</Filter>
    </ClCompile>
    <ClCompile Include="png_reader.cpp">
      <Filter>Source Files</Filter>
    </ClCompile>
    <ClCompile Include="simple_tile_layer.cpp">
      <Filter>Source Files</Filter>
    </ClCompile>
    <ClCompile Include="simple_unzipper.cpp">
      <Filter>Source Files</Filter>
    </ClCompile>
    <ClCompile Include="stdafx.cpp">
      <Filter>Source Files</Filter>
    </ClCompile>
    <ClCompile Include="synchronized_tile_buffer.cpp">
      <Filter>Source Files</Filter>
    </ClCompile>
    <ClCompile Include="system_info.cpp">
      <Filter>Source Files</Filter>
    </ClCompile>
    <ClCompile Include="ZunTzuLib.cpp">
      <Filter>Source Files</Filter>
    </ClCompile>
    <ClCompile Include="zzlib.cpp">
      <Filter>Source Files</Filter>
    </ClCompile>
  </ItemGroup>
  <ItemGroup>
    <ClInclude Include="dxt_compressor.h">
      <Filter>Header Files</Filter>
    </ClInclude>
    <ClInclude Include="image_loader_error.h">
      <Filter>Header Files</Filter>
    </ClInclude>
    <ClInclude Include="image_reader.h">
      <Filter>Header Files</Filter>
    </ClInclude>
    <ClInclude Include="jconfig.h">
      <Filter>Header Files</Filter>
    </ClInclude>
    <ClInclude Include="jerror.h">
      <Filter>Header Files</Filter>
    </ClInclude>
    <ClInclude Include="jmorecfg.h">
      <Filter>Header Files</Filter>
    </ClInclude>
    <ClInclude Include="jpeglib.h">
      <Filter>Header Files</Filter>
    </ClInclude>
    <ClInclude Include="png.h">
      <Filter>Header Files</Filter>
    </ClInclude>
    <ClInclude Include="pngconf.h">
      <Filter>Header Files</Filter>
    </ClInclude>
    <ClInclude Include="Resource.h">
      <Filter>Header Files</Filter>
    </ClInclude>
    <ClInclude Include="stdafx.h">
      <Filter>Header Files</Filter>
    </ClInclude>
    <ClInclude Include="synchronized_tile_buffer.h">
      <Filter>Header Files</Filter>
    </ClInclude>
    <ClInclude Include="tile_layer.h">
      <Filter>Header Files</Filter>
    </ClInclude>
    <ClInclude Include="unzipper.h">
      <Filter>Header Files</Filter>
    </ClInclude>
    <ClInclude Include="zconf.h">
      <Filter>Header Files</Filter>
    </ClInclude>
    <ClInclude Include="zlib.h">
      <Filter>Header Files</Filter>
    </ClInclude>
    <ClInclude Include="ZunTzuLib.h">
      <Filter>Header Files</Filter>
    </ClInclude>
    <ClInclude Include="zzlib.h">
      <Filter>Header Files</Filter>
    </ClInclude>
  </ItemGroup>
  <ItemGroup>
    <Library Include="..\libcmt.lib" />
    <Library Include="..\libjpeg.lib" />
    <Library Include="..\libpng.lib" />
    <Library Include="..\zlib.lib" />
    <Library Include="..\msvcrt.lib" />
  </ItemGroup>
  <ItemGroup>
    <Text Include="ReadMe.txt" />
  </ItemGroup>
</Project>